
Microsoft Visual Studio Solution File, Format Version 12.00
# Visual Studio Version 17
VisualStudioVersion = 17.9.34723.18
MinimumVisualStudioVersion = 10.0.40219.1
Project("{FAE04EC0-301F-11D3-BF4B-00C04F79EFBC}") = "AccessIdentityManagement", "AccessIdentityManagement.csproj", "{42F63F35-99B9-48DD-9AD9-40255DE871EC}"
EndProject
Global
	GlobalSection(SolutionConfigurationPlatforms) = preSolution
		Debug|Any CPU = Debug|Any CPU
		Release|Any CPU = Release|Any CPU
	EndGlobalSection
	GlobalSection(ProjectConfigurationPlatforms) = postSolution
		{42F63F35-99B9-48DD-9AD9-40255DE871EC}.Debug|Any CPU.ActiveCfg = Debug|Any CPU
		{42F63F35-99B9-48DD-9AD9-40255DE871EC}.Debug|Any CPU.Build.0 = Debug|Any CPU
		{42F63F35-99B9-48DD-9AD9-40255DE871EC}.Release|Any CPU.ActiveCfg = Release|Any CPU
		{42F63F35-99B9-48DD-9AD9-40255DE871EC}.Release|Any CPU.Build.0 = Release|Any CPU
	EndGlobalSection
	GlobalSection(SolutionProperties) = preSolution
		HideSolutionNode = FALSE
	EndGlobalSection
	GlobalSection(ExtensibilityGlobals) = postSolution
		SolutionGuid = {3C701AD7-FEB3-43E2-9007-0B0CEE61195E}
	EndGlobalSection
EndGlobal
